
Microsoft Visual Studio Solution File, Format Version 12.00
# Visual Studio Version 16
VisualStudioVersion = 16.0.30011.22
MinimumVisualStudioVersion = 10.0.40219.1
Project("{FAE04EC0-301F-11D3-BF4B-00C04F79EFBC}") = "Principal", "Principal\Principal.csproj", "{9A175068-4BBA-40EC-9149-329253BBF289}"
EndProject
Project("{FAE04EC0-301F-11D3-BF4B-00C04F79EFBC}") = "DAL", "DAL\DAL.csproj", "{0D399FA3-037C-406C-BD52-4679FC09C1DE}"
EndProject
Project("{FAE04EC0-301F-11D3-BF4B-00C04F79EFBC}") = "BLL", "BLL\BLL.csproj", "{24197042-933C-413C-90DA-7805C3F7EBAC}"
EndProject
Project("{FAE04EC0-301F-11D3-BF4B-00C04F79EFBC}") = "Entity", "Entity\Entity.csproj", "{4DE69A94-79BB-476D-B616-30B9BE5E3A28}"
EndProject
Global
	GlobalSection(SolutionConfigurationPlatforms) = preSolution
		Debug|Any CPU = Debug|Any CPU
		Release|Any CPU = Release|Any CPU
	EndGlobalSection
	GlobalSection(ProjectConfigurationPlatforms) = postSolution
		{9A175068-4BBA-40EC-9149-329253BBF289}.Debug|Any CPU.ActiveCfg = Debug|Any CPU
		{9A175068-4BBA-40EC-9149-329253BBF289}.Debug|Any CPU.Build.0 = Debug|Any CPU
		{9A175068-4BBA-40EC-9149-329253BBF289}.Release|Any CPU.ActiveCfg = Release|Any CPU
		{9A175068-4BBA-40EC-9149-329253BBF289}.Release|Any CPU.Build.0 = Release|Any CPU
		{0D399FA3-037C-406C-BD52-4679FC09C1DE}.Debug|Any CPU.ActiveCfg = Debug|Any CPU
		{0D399FA3-037C-406C-BD52-4679FC09C1DE}.Debug|Any CPU.Build.0 = Debug|Any CPU
		{0D399FA3-037C-406C-BD52-4679FC09C1DE}.Release|Any CPU.ActiveCfg = Release|Any CPU
		{0D399FA3-037C-406C-BD52-4679FC09C1DE}.Release|Any CPU.Build.0 = Release|Any CPU
		{24197042-933C-413C-90DA-7805C3F7EBAC}.Debug|Any CPU.ActiveCfg = Debug|Any CPU
		{24197042-933C-413C-90DA-7805C3F7EBAC}.Debug|Any CPU.Build.0 = Debug|Any CPU
		{24197042-933C-413C-90DA-7805C3F7EBAC}.Release|Any CPU.ActiveCfg = Release|Any CPU
		{24197042-933C-413C-90DA-7805C3F7EBAC}.Release|Any CPU.Build.0 = Release|Any CPU
		{4DE69A94-79BB-476D-B616-30B9BE5E3A28}.Debug|Any CPU.ActiveCfg = Debug|Any CPU
		{4DE69A94-79BB-476D-B616-30B9BE5E3A28}.Debug|Any CPU.Build.0 = Debug|Any CPU
		{4DE69A94-79BB-476D-B616-30B9BE5E3A28}.Release|Any CPU.ActiveCfg = Release|Any CPU
		{4DE69A94-79BB-476D-B616-30B9BE5E3A28}.Release|Any CPU.Build.0 = Release|Any CPU
	EndGlobalSection
	GlobalSection(SolutionProperties) = preSolution
		HideSolutionNode = FALSE
	EndGlobalSection
	GlobalSection(ExtensibilityGlobals) = postSolution
		SolutionGuid = {48C36583-C878-4596-93A9-D24F21FBF75E}
	EndGlobalSection
EndGlobal
